// !$*UTF8*$!
{
	archiveVersion = 1;
	classes = {
	};
	objectVersion = 46;
	objects = {

/* Begin PBXBuildFile section */
		3AF43D191E26B07C00D0993A /* AppDelegate.swift in Sources */ = {isa = PBXBuildFile; fileRef = 3AF43D181E26B07C00D0993A /* AppDelegate.swift */; };
		3AF43D1B1E26B07C00D0993A /* ViewController.swift in Sources */ = {isa = PBXBuildFile; fileRef = 3AF43D1A1E26B07C00D0993A /* ViewController.swift */; };
		3AF43D1E1E26B07C00D0993A /* Main.storyboard in Resources */ = {isa = PBXBuildFile; fileRef = 3AF43D1C1E26B07C00D0993A /* Main.storyboard */; };
		3AF43D201E26B07C00D0993A /* Assets.xcassets in Resources */ = {isa = PBXBuildFile; fileRef = 3AF43D1F1E26B07C00D0993A /* Assets.xcassets */; };
		3AF43D231E26B07C00D0993A /* LaunchScreen.storyboard in Resources */ = {isa = PBXBuildFile; fileRef = 3AF43D211E26B07C00D0993A /* LaunchScreen.storyboard */; };
		3AF43D281E26B07D00D0993A /* Background Image WatchKit App.app in Embed Watch Content */ = {isa = PBXBuildFile; fileRef = 3AF43D271E26B07D00D0993A /* Background Image WatchKit App.app */; };
		3AF43D2E1E26B07D00D0993A /* Interface.storyboard in Resources */ = {isa = PBXBuildFile; fileRef = 3AF43D2C1E26B07D00D0993A /* Interface.storyboard */; };
		3AF43D301E26B07D00D0993A /* Assets.xcassets in Resources */ = {isa = PBXBuildFile; fileRef = 3AF43D2F1E26B07D00D0993A /* Assets.xcassets */; };
		3AF43D371E26B07D00D0993A /* Background Image WatchKit Extension.appex in Embed App Extensions */ = {isa = PBXBuildFile; fileRef = 3AF43D361E26B07D00D0993A /* Background Image WatchKit Extension.appex */; settings = {ATTRIBUTES = (RemoveHeadersOnCopy, ); }; };
		3AF43D3E1E26B07D00D0993A /* InterfaceController.swift in Sources */ = {isa = PBXBuildFile; fileRef = 3AF43D3D1E26B07D00D0993A /* InterfaceController.swift */; };
		3AF43D401E26B07D00D0993A /* ExtensionDelegate.swift in Sources */ = {isa = PBXBuildFile; fileRef = 3AF43D3F1E26B07D00D0993A /* ExtensionDelegate.swift */; };
		3AF43D421E26B07D00D0993A /* NotificationController.swift in Sources */ = {isa = PBXBuildFile; fileRef = 3AF43D411E26B07D00D0993A /* NotificationController.swift */; };
		3AF43D441E26B07D00D0993A /* Assets.xcassets in Resources */ = {isa = PBXBuildFile; fileRef = 3AF43D431E26B07D00D0993A /* Assets.xcassets */; };
/* End PBXBuildFile section */

/* Begin PBXContainerItemProxy section */
		3AF43D291E26B07D00D0993A /* PBXContainerItemProxy */ = {
			isa = PBXContainerItemProxy;
			containerPortal = 3AF43D0D1E26B07C00D0993A /* Project object */;
			proxyType = 1;
			remoteGlobalIDString = 3AF43D261E26B07D00D0993A;
			remoteInfo = "Background Image WatchKit App";
		};
		3AF43D381E26B07D00D0993A /* PBXContainerItemProxy */ = {
			isa = PBXContainerItemProxy;
			containerPortal = 3AF43D0D1E26B07C00D0993A /* Project object */;
			proxyType = 1;
			remoteGlobalIDString = 3AF43D351E26B07D00D0993A;
			remoteInfo = "Background Image WatchKit Extension";
		};
/* End PBXContainerItemProxy section */

/* Begin PBXCopyFilesBuildPhase section */
		3AF43D4B1E26B07D00D0993A /* Embed App Extensions */ = {
			isa = PBXCopyFilesBuildPhase;
			buildActionMask = 2147483647;
			dstPath = "";
			dstSubfolderSpec = 13;
			files = (
				3AF43D371E26B07D00D0993A /* Background Image WatchKit Extension.appex in Embed App Extensions */,
			);
			name = "Embed App Extensions";
			runOnlyForDeploymentPostprocessing = 0;
		};
		3AF43D4F1E26B07D00D0993A /* Embed Watch Content */ = {
			isa = PBXCopyFilesBuildPhase;
			buildActionMask = 2147483647;
			dstPath = "$(CONTENTS_FOLDER_PATH)/Watch";
			dstSubfolderSpec = 16;
			files = (
				3AF43D281E26B07D00D0993A /* Background Image WatchKit App.app in Embed Watch Content */,
			);
			name = "Embed Watch Content";
			runOnlyForDeploymentPostprocessing = 0;
		};
/* End PBXCopyFilesBuildPhase section */

/* Begin PBXFileReference section */
		3AF43D151E26B07C00D0993A /* Background Image.app */ = {isa = PBXFileReference; explicitFileType = wrapper.application; includeInIndex = 0; path = "Background Image.app"; sourceTree = BUILT_PRODUCTS_DIR; };
		3AF43D181E26B07C00D0993A /* AppDelegate.swift */ = {isa = PBXFileReference; lastKnownFileType = sourcecode.swift; path = AppDelegate.swift; sourceTree = "<group>"; };
		3AF43D1A1E26B07C00D0993A /* ViewController.swift */ = {isa = PBXFileReference; lastKnownFileType = sourcecode.swift; path = ViewController.swift; sourceTree = "<group>"; };
		3AF43D1D1E26B07C00D0993A /* Base */ = {isa = PBXFileReference; lastKnownFileType = file.storyboard; name = Base; path = Base.lproj/Main.storyboard; sourceTree = "<group>"; };
		3AF43D1F1E26B07C00D0993A /* Assets.xcassets */ = {isa = PBXFileReference; lastKnownFileType = folder.assetcatalog; path = Assets.xcassets; sourceTree = "<group>"; };
		3AF43D221E26B07C00D0993A /* Base */ = {isa = PBXFileReference; lastKnownFileType = file.storyboard; name = Base; path = Base.lproj/LaunchScreen.storyboard; sourceTree = "<group>"; };
		3AF43D241E26B07C00D0993A /* Info.plist */ = {isa = PBXFileReference; lastKnownFileType = text.plist.xml; path = Info.plist; sourceTree = "<group>"; };
		3AF43D271E26B07D00D0993A /* Background Image WatchKit App.app */ = {isa = PBXFileReference; explicitFileType = wrapper.application; includeInIndex = 0; path = "Background Image WatchKit App.app"; sourceTree = BUILT_PRODUCTS_DIR; };
		3AF43D2D1E26B07D00D0993A /* Base */ = {isa = PBXFileReference; lastKnownFileType = file.storyboard; name = Base; path = Base.lproj/Interface.storyboard; sourceTree = "<group>"; };
		3AF43D2F1E26B07D00D0993A /* Assets.xcassets */ = {isa = PBXFileReference; lastKnownFileType = folder.assetcatalog; path = Assets.xcassets; sourceTree = "<group>"; };
		3AF43D311E26B07D00D0993A /* Info.plist */ = {isa = PBXFileReference; lastKnownFileType = text.plist.xml; path = Info.plist; sourceTree = "<group>"; };
		3AF43D361E26B07D00D0993A /* Background Image WatchKit Extension.appex */ = {isa = PBXFileReference; explicitFileType = "wrapper.app-extension"; includeInIndex = 0; path = "Background Image WatchKit Extension.appex"; sourceTree = BUILT_PRODUCTS_DIR; };
		3AF43D3C1E26B07D00D0993A /* PushNotificationPayload.apns */ = {isa = PBXFileReference; lastKnownFileType = text; path = PushNotificationPayload.apns; sourceTree = "<group>"; };
		3AF43D3D1E26B07D00D0993A /* InterfaceController.swift */ = {isa = PBXFileReference; lastKnownFileType = sourcecode.swift; path = InterfaceController.swift; sourceTree = "<group>"; };
		3AF43D3F1E26B07D00D0993A /* ExtensionDelegate.swift */ = {isa = PBXFileReference; lastKnownFileType = sourcecode.swift; path = ExtensionDelegate.swift; sourceTree = "<group>"; };
		3AF43D411E26B07D00D0993A /* NotificationController.swift */ = {isa = PBXFileReference; lastKnownFileType = sourcecode.swift; path = NotificationController.swift; sourceTree = "<group>"; };
		3AF43D431E26B07D00D0993A /* Assets.xcassets */ = {isa = PBXFileReference; lastKnownFileType = folder.assetcatalog; path = Assets.xcassets; sourceTree = "<group>"; };
		3AF43D451E26B07D00D0993A /* Info.plist */ = {isa = PBXFileReference; lastKnownFileType = text.plist.xml; path = Info.plist; sourceTree = "<group>"; };
/* End PBXFileReference section */

/* Begin PBXFrameworksBuildPhase section */
		3AF43D121E26B07C00D0993A /* Frameworks */ = {
			isa = PBXFrameworksBuildPhase;
			buildActionMask = 2147483647;
			files = (
			);
			runOnlyForDeploymentPostprocessing = 0;
		};
		3AF43D331E26B07D00D0993A /* Frameworks */ = {
			isa = PBXFrameworksBuildPhase;
			buildActionMask = 2147483647;
			files = (
			);
			runOnlyForDeploymentPostprocessing = 0;
		};
/* End PBXFrameworksBuildPhase section */

/* Begin PBXGroup section */
		3AF43D0C1E26B07C00D0993A = {
			isa = PBXGroup;
			children = (
				3AF43D171E26B07C00D0993A /* Background Image */,
				3AF43D2B1E26B07D00D0993A /* Background Image WatchKit App */,
				3AF43D3A1E26B07D00D0993A /* Background Image WatchKit Extension */,
				3AF43D161E26B07C00D0993A /* Products */,
			);
			sourceTree = "<group>";
		};
		3AF43D161E26B07C00D0993A /* Products */ = {
			isa = PBXGroup;
			children = (
				3AF43D151E26B07C00D0993A /* Background Image.app */,
				3AF43D271E26B07D00D0993A /* Background Image WatchKit App.app */,
				3AF43D361E26B07D00D0993A /* Background Image WatchKit Extension.appex */,
			);
			name = Products;
			sourceTree = "<group>";
		};
		3AF43D171E26B07C00D0993A /* Background Image */ = {
			isa = PBXGroup;
			children = (
				3AF43D181E26B07C00D0993A /* AppDelegate.swift */,
				3AF43D1A1E26B07C00D0993A /* ViewController.swift */,
				3AF43D1C1E26B07C00D0993A /* Main.storyboard */,
				3AF43D1F1E26B07C00D0993A /* Assets.xcassets */,
				3AF43D211E26B07C00D0993A /* LaunchScreen.storyboard */,
				3AF43D241E26B07C00D0993A /* Info.plist */,
			);
			path = "Background Image";
			sourceTree = "<group>";
		};
		3AF43D2B1E26B07D00D0993A /* Background Image WatchKit App */ = {
			isa = PBXGroup;
			children = (
				3AF43D2C1E26B07D00D0993A /* Interface.storyboard */,
				3AF43D2F1E26B07D00D0993A /* Assets.xcassets */,
				3AF43D311E26B07D00D0993A /* Info.plist */,
			);
			path = "Background Image WatchKit App";
			sourceTree = "<group>";
		};
		3AF43D3A1E26B07D00D0993A /* Background Image WatchKit Extension */ = {
			isa = PBXGroup;
			children = (
				3AF43D3D1E26B07D00D0993A /* InterfaceController.swift */,
				3AF43D3F1E26B07D00D0993A /* ExtensionDelegate.swift */,
				3AF43D411E26B07D00D0993A /* NotificationController.swift */,
				3AF43D431E26B07D00D0993A /* Assets.xcassets */,
				3AF43D451E26B07D00D0993A /* Info.plist */,
				3AF43D3B1E26B07D00D0993A /* Supporting Files */,
			);
			path = "Background Image WatchKit Extension";
			sourceTree = "<group>";
		};
		3AF43D3B1E26B07D00D0993A /* Supporting Files */ = {
			isa = PBXGroup;
			children = (
				3AF43D3C1E26B07D00D0993A /* PushNotificationPayload.apns */,
			);
			name = "Supporting Files";
			sourceTree = "<group>";
		};
/* End PBXGroup section */

/* Begin PBXNativeTarget section */
		3AF43D141E26B07C00D0993A /* Background Image */ = {
			isa = PBXNativeTarget;
			buildConfigurationList = 3AF43D501E26B07D00D0993A /* Build configuration list for PBXNativeTarget "Background Image" */;
			buildPhases = (
				3AF43D111E26B07C00D0993A /* Sources */,
				3AF43D121E26B07C00D0993A /* Frameworks */,
				3AF43D131E26B07C00D0993A /* Resources */,
				3AF43D4F1E26B07D00D0993A /* Embed Watch Content */,
			);
			buildRules = (
			);
			dependencies = (
				3AF43D2A1E26B07D00D0993A /* PBXTargetDependency */,
			);
			name = "Background Image";
			productName = "Background Image";
			productReference = 3AF43D151E26B07C00D0993A /* Background Image.app */;
			productType = "com.apple.product-type.application";
		};
		3AF43D261E26B07D00D0993A /* Background Image WatchKit App */ = {
			isa = PBXNativeTarget;
			buildConfigurationList = 3AF43D4C1E26B07D00D0993A /* Build configuration list for PBXNativeTarget "Background Image WatchKit App" */;
			buildPhases = (
				3AF43D251E26B07D00D0993A /* Resources */,
				3AF43D4B1E26B07D00D0993A /* Embed App Extensions */,
			);
			buildRules = (
			);
			dependencies = (
				3AF43D391E26B07D00D0993A /* PBXTargetDependency */,
			);
			name = "Background Image WatchKit App";
			productName = "Background Image WatchKit App";
			productReference = 3AF43D271E26B07D00D0993A /* Background Image WatchKit App.app */;
			productType = "com.apple.product-type.application.watchapp2";
		};
		3AF43D351E26B07D00D0993A /* Background Image WatchKit Extension */ = {
			isa = PBXNativeTarget;
			buildConfigurationList = 3AF43D481E26B07D00D0993A /* Build configuration list for PBXNativeTarget "Background Image WatchKit Extension" */;
			buildPhases = (
				3AF43D321E26B07D00D0993A /* Sources */,
				3AF43D331E26B07D00D0993A /* Frameworks */,
				3AF43D341E26B07D00D0993A /* Resources */,
			);
			buildRules = (
			);
			dependencies = (
			);
			name = "Background Image WatchKit Extension";
			productName = "Background Image WatchKit Extension";
			productReference = 3AF43D361E26B07D00D0993A /* Background Image WatchKit Extension.appex */;
			productType = "com.apple.product-type.watchkit2-extension";
		};
/* End PBXNativeTarget section */

/* Begin PBXProject section */
		3AF43D0D1E26B07C00D0993A /* Project object */ = {
			isa = PBXProject;
			attributes = {
				LastSwiftUpdateCheck = 0820;
				LastUpgradeCheck = 0820;
				ORGANIZATIONNAME = "Drew Westcott";
				TargetAttributes = {
					3AF43D141E26B07C00D0993A = {
						CreatedOnToolsVersion = 8.2;
						DevelopmentTeam = 64798CH77E;
						ProvisioningStyle = Automatic;
					};
					3AF43D261E26B07D00D0993A = {
						CreatedOnToolsVersion = 8.2;
						DevelopmentTeam = 64798CH77E;
						ProvisioningStyle = Automatic;
					};
					3AF43D351E26B07D00D0993A = {
						CreatedOnToolsVersion = 8.2;
						DevelopmentTeam = 64798CH77E;
						ProvisioningStyle = Automatic;
					};
				};
			};
			buildConfigurationList = 3AF43D101E26B07C00D0993A /* Build configuration list for PBXProject "Background Image" */;
			compatibilityVersion = "Xcode 3.2";
			developmentRegion = English;
			hasScannedForEncodings = 0;
			knownRegions = (
				en,
				Base,
			);
			mainGroup = 3AF43D0C1E26B07C00D0993A;
			productRefGroup = 3AF43D161E26B07C00D0993A /* Products */;
			projectDirPath = "";
			projectRoot = "";
			targets = (
				3AF43D141E26B07C00D0993A /* Background Image */,
				3AF43D261E26B07D00D0993A /* Background Image WatchKit App */,
				3AF43D351E26B07D00D0993A /* Background Image WatchKit Extension */,
			);
		};
/* End PBXProject section */

/* Begin PBXResourcesBuildPhase section */
		3AF43D131E26B07C00D0993A /* Resources */ = {
			isa = PBXResourcesBuildPhase;
			buildActionMask = 2147483647;
			files = (
				3AF43D231E26B07C00D0993A /* LaunchScreen.storyboard in Resources */,
				3AF43D201E26B07C00D0993A /* Assets.xcassets in Resources */,
				3AF43D1E1E26B07C00D0993A /* Main.storyboard in Resources */,
			);
			runOnlyForDeploymentPostprocessing = 0;
		};
		3AF43D251E26B07D00D0993A /* Resources */ = {
			isa = PBXResourcesBuildPhase;
			buildActionMask = 2147483647;
			files = (
				3AF43D301E26B07D00D0993A /* Assets.xcassets in Resources */,
				3AF43D2E1E26B07D00D0993A /* Interface.storyboard in Resources */,
			);
			runOnlyForDeploymentPostprocessing = 0;
		};
		3AF43D341E26B07D00D0993A /* Resources */ = {
			isa = PBXResourcesBuildPhase;
			buildActionMask = 2147483647;
			files = (
				3AF43D441E26B07D00D0993A /* Assets.xcassets in Resources */,
			);
			runOnlyForDeploymentPostprocessing = 0;
		};
/* End PBXResourcesBuildPhase section */

/* Begin PBXSourcesBuildPhase section */
		3AF43D111E26B07C00D0993A /* Sources */ = {
			isa = PBXSourcesBuildPhase;
			buildActionMask = 2147483647;
			files = (
				3AF43D1B1E26B07C00D0993A /* ViewController.swift in Sources */,
				3AF43D191E26B07C00D0993A /* AppDelegate.swift in Sources */,
			);
			runOnlyForDeploymentPostprocessing = 0;
		};
		3AF43D321E26B07D00D0993A /* Sources */ = {
			isa = PBXSourcesBuildPhase;
			buildActionMask = 2147483647;
			files = (
				3AF43D421E26B07D00D0993A /* NotificationController.swift in Sources */,
				3AF43D401E26B07D00D0993A /* ExtensionDelegate.swift in Sources */,
				3AF43D3E1E26B07D00D0993A /* InterfaceController.swift in Sources */,
			);
			runOnlyForDeploymentPostprocessing = 0;
		};
/* End PBXSourcesBuildPhase section */

/* Begin PBXTargetDependency section */
		3AF43D2A1E26B07D00D0993A /* PBXTargetDependency */ = {
			isa = PBXTargetDependency;
			target = 3AF43D261E26B07D00D0993A /* Background Image WatchKit App */;
			targetProxy = 3AF43D291E26B07D00D0993A /* PBXContainerItemProxy */;
		};
		3AF43D391E26B07D00D0993A /* PBXTargetDependency */ = {
			isa = PBXTargetDependency;
			target = 3AF43D351E26B07D00D0993A /* Background Image WatchKit Extension */;
			targetProxy = 3AF43D381E26B07D00D0993A /* PBXContainerItemProxy */;
		};
/* End PBXTargetDependency section */

/* Begin PBXVariantGroup section */
		3AF43D1C1E26B07C00D0993A /* Main.storyboard */ = {
			isa = PBXVariantGroup;
			children = (
				3AF43D1D1E26B07C00D0993A /* Base */,
			);
			name = Main.storyboard;
			sourceTree = "<group>";
		};
		3AF43D211E26B07C00D0993A /* LaunchScreen.storyboard */ = {
			isa = PBXVariantGroup;
			children = (
				3AF43D221E26B07C00D0993A /* Base */,
			);
			name = LaunchScreen.storyboard;
			sourceTree = "<group>";
		};
		3AF43D2C1E26B07D00D0993A /* Interface.storyboard */ = {
			isa = PBXVariantGroup;
			children = (
				3AF43D2D1E26B07D00D0993A /* Base */,
			);
			name = Interface.storyboard;
			sourceTree = "<group>";
		};
/* End PBXVariantGroup section */

/* Begin XCBuildConfiguration section */
		3AF43D461E26B07D00D0993A /* Debug */ = {
			isa = XCBuildConfiguration;
			buildSettings = {
				ALWAYS_SEARCH_USER_PATHS = NO;
				CLANG_ANALYZER_NONNULL = YES;
				CLANG_CXX_LANGUAGE_STANDARD = "gnu++0x";
				CLANG_CXX_LIBRARY = "libc++";
				CLANG_ENABLE_MODULES = YES;
				CLANG_ENABLE_OBJC_ARC = YES;
				CLANG_WARN_BOOL_CONVERSION = YES;
				CLANG_WARN_CONSTANT_CONVERSION = YES;
				CLANG_WARN_DIRECT_OBJC_ISA_USAGE = YES_ERROR;
				CLANG_WARN_DOCUMENTATION_COMMENTS = YES;
				CLANG_WARN_EMPTY_BODY = YES;
				CLANG_WARN_ENUM_CONVERSION = YES;
				CLANG_WARN_INFINITE_RECURSION = YES;
				CLANG_WARN_INT_CONVERSION = YES;
				CLANG_WARN_OBJC_ROOT_CLASS = YES_ERROR;
				CLANG_WARN_SUSPICIOUS_MOVE = YES;
				CLANG_WARN_UNREACHABLE_CODE = YES;
				CLANG_WARN__DUPLICATE_METHOD_MATCH = YES;
				"CODE_SIGN_IDENTITY[sdk=iphoneos*]" = "iPhone Developer";
				COPY_PHASE_STRIP = NO;
				DEBUG_INFORMATION_FORMAT = dwarf;
				ENABLE_STRICT_OBJC_MSGSEND = YES;
				ENABLE_TESTABILITY = YES;
				GCC_C_LANGUAGE_STANDARD = gnu99;
				GCC_DYNAMIC_NO_PIC = NO;
				GCC_NO_COMMON_BLOCKS = YES;
				GCC_OPTIMIZATION_LEVEL = 0;
				GCC_PREPROCESSOR_DEFINITIONS = (
					"DEBUG=1",
					"$(inherited)",
				);
				GCC_WARN_64_TO_32_BIT_CONVERSION = YES;
				GCC_WARN_ABOUT_RETURN_TYPE = YES_ERROR;
				GCC_WARN_UNDECLARED_SELECTOR = YES;
				GCC_WARN_UNINITIALIZED_AUTOS = YES_AGGRESSIVE;
				GCC_WARN_UNUSED_FUNCTION = YES;
				GCC_WARN_UNUSED_VARIABLE = YES;
				IPHONEOS_DEPLOYMENT_TARGET = 10.2;
				MTL_ENABLE_DEBUG_INFO = YES;
				ONLY_ACTIVE_ARCH = YES;
				SDKROOT = iphoneos;
				SWIFT_ACTIVE_COMPILATION_CONDITIONS = DEBUG;
				SWIFT_OPTIMIZATION_LEVEL = "-Onone";
			};
			name = Debug;
		};
		3AF43D471E26B07D00D0993A /* Release */ = {
			isa = XCBuildConfiguration;
			buildSettings = {
				ALWAYS_SEARCH_USER_PATHS = NO;
				CLANG_ANALYZER_NONNULL = YES;
				CLANG_CXX_LANGUAGE_STANDARD = "gnu++0x";
				CLANG_CXX_LIBRARY = "libc++";
				CLANG_ENABLE_MODULES = YES;
				CLANG_ENABLE_OBJC_ARC = YES;
				CLANG_WARN_BOOL_CONVERSION = YES;
				CLANG_WARN_CONSTANT_CONVERSION = YES;
				CLANG_WARN_DIRECT_OBJC_ISA_USAGE = YES_ERROR;
				CLANG_WARN_DOCUMENTATION_COMMENTS = YES;
				CLANG_WARN_EMPTY_BODY = YES;
				CLANG_WARN_ENUM_CONVERSION = YES;
				CLANG_WARN_INFINITE_RECURSION = YES;
				CLANG_WARN_INT_CONVERSION = YES;
				CLANG_WARN_OBJC_ROOT_CLASS = YES_ERROR;
				CLANG_WARN_SUSPICIOUS_MOVE = YES;
				CLANG_WARN_UNREACHABLE_CODE = YES;
				CLANG_WARN__DUPLICATE_METHOD_MATCH = YES;
				"CODE_SIGN_IDENTITY[sdk=iphoneos*]" = "iPhone Developer";
				COPY_PHASE_STRIP = NO;
				DEBUG_INFORMATION_FORMAT = "dwarf-with-dsym";
				ENABLE_NS_ASSERTIONS = NO;
				ENABLE_STRICT_OBJC_MSGSEND = YES;
				GCC_C_LANGUAGE_STANDARD = gnu99;
				GCC_NO_COMMON_BLOCKS = YES;
				GCC_WARN_64_TO_32_BIT_CONVERSION = YES;
				GCC_WARN_ABOUT_RETURN_TYPE = YES_ERROR;
				GCC_WARN_UNDECLARED_SELECTOR = YES;
				GCC_WARN_UNINITIALIZED_AUTOS = YES_AGGRESSIVE;
				GCC_WARN_UNUSED_FUNCTION = YES;
				GCC_WARN_UNUSED_VARIABLE = YES;
				IPHONEOS_DEPLOYMENT_TARGET = 10.2;
				MTL_ENABLE_DEBUG_INFO = NO;
				SDKROOT = iphoneos;
				SWIFT_OPTIMIZATION_LEVEL = "-Owholemodule";
				VALIDATE_PRODUCT = YES;
			};
			name = Release;
		};
		3AF43D491E26B07D00D0993A /* Debug */ = {
			isa = XCBuildConfiguration;
			buildSettings = {
				ASSETCATALOG_COMPILER_COMPLICATION_NAME = Complication;
				DEVELOPMENT_TEAM = 64798CH77E;
				INFOPLIST_FILE = "Background Image WatchKit Extension/Info.plist";
				LD_RUNPATH_SEARCH_PATHS = "$(inherited) @executable_path/Frameworks @executable_path/../../Frameworks";
				PRODUCT_BUNDLE_IDENTIFIER = "uk.co.drewwestcott.Background-Image.watchkitapp.watchkitextension";
				PRODUCT_NAME = "${TARGET_NAME}";
				SDKROOT = watchos;
				SKIP_INSTALL = YES;
				SWIFT_VERSION = 3.0;
				TARGETED_DEVICE_FAMILY = 4;
				WATCHOS_DEPLOYMENT_TARGET = 3.1;
			};
			name = Debug;
		};
		3AF43D4A1E26B07D00D0993A /* Release */ = {
			isa = XCBuildConfiguration;
			buildSettings = {
				ASSETCATALOG_COMPILER_COMPLICATION_NAME = Complication;
				DEVELOPMENT_TEAM = 64798CH77E;
				INFOPLIST_FILE = "Background Image WatchKit Extension/Info.plist";
				LD_RUNPATH_SEARCH_PATHS = "$(inherited) @executable_path/Frameworks @executable_path/../../Frameworks";
				PRODUCT_BUNDLE_IDENTIFIER = "uk.co.drewwestcott.Background-Image.watchkitapp.watchkitextension";
				PRODUCT_NAME = "${TARGET_NAME}";
				SDKROOT = watchos;
				SKIP_INSTALL = YES;
				SWIFT_VERSION = 3.0;
				TARGETED_DEVICE_FAMILY = 4;
				WATCHOS_DEPLOYMENT_TARGET = 3.1;
			};
			name = Release;
		};
		3AF43D4D1E26B07D00D0993A /* Debug */ = {
			isa = XCBuildConfiguration;
			buildSettings = {
				ALWAYS_EMBED_SWIFT_STANDARD_LIBRARIES = YES;
				ASSETCATALOG_COMPILER_APPICON_NAME = AppIcon;
				DEVELOPMENT_TEAM = 64798CH77E;
				IBSC_MODULE = Background_Image_WatchKit_Extension;
				INFOPLIST_FILE = "Background Image WatchKit App/Info.plist";
				PRODUCT_BUNDLE_IDENTIFIER = "uk.co.drewwestcott.Background-Image.watchkitapp";
				PRODUCT_NAME = "$(TARGET_NAME)";
				SDKROOT = watchos;
				SKIP_INSTALL = YES;
				SWIFT_VERSION = 3.0;
				TARGETED_DEVICE_FAMILY = 4;
				WATCHOS_DEPLOYMENT_TARGET = 3.1;
			};
			name = Debug;
		};
		3AF43D4E1E26B07D00D0993A /* Release */ = {
			isa = XCBuildConfiguration;
			buildSettings = {
				ALWAYS_EMBED_SWIFT_STANDARD_LIBRARIES = YES;
				ASSETCATALOG_COMPILER_APPICON_NAME = AppIcon;
				DEVELOPMENT_TEAM = 64798CH77E;
				IBSC_MODULE = Background_Image_WatchKit_Extension;
				INFOPLIST_FILE = "Background Image WatchKit App/Info.plist";
				PRODUCT_BUNDLE_IDENTIFIER = "uk.co.drewwestcott.Background-Image.watchkitapp";
				PRODUCT_NAME = "$(TARGET_NAME)";
				SDKROOT = watchos;
				SKIP_INSTALL = YES;
				SWIFT_VERSION = 3.0;
				TARGETED_DEVICE_FAMILY = 4;
				WATCHOS_DEPLOYMENT_TARGET = 3.1;
			};
			name = Release;
		};
		3AF43D511E26B07D00D0993A /* Debug */ = {
			isa = XCBuildConfiguration;
			buildSettings = {
				ASSETCATALOG_COMPILER_APPICON_NAME = AppIcon;
				DEVELOPMENT_TEAM = 64798CH77E;
				INFOPLIST_FILE = "Background Image/Info.plist";
				LD_RUNPATH_SEARCH_PATHS = "$(inherited) @executable_path/Frameworks";
				PRODUCT_BUNDLE_IDENTIFIER = "uk.co.drewwestcott.Background-Image";
				PRODUCT_NAME = "$(TARGET_NAME)";
				SWIFT_VERSION = 3.0;
			};
			name = Debug;
		};
		3AF43D521E26B07D00D0993A /* Release */ = {
			isa = XCBuildConfiguration;
			buildSettings = {
				ASSETCATALOG_COMPILER_APPICON_NAME = AppIcon;
				DEVELOPMENT_TEAM = 64798CH77E;
				INFOPLIST_FILE = "Background Image/Info.plist";
				LD_RUNPATH_SEARCH_PATHS = "$(inherited) @executable_path/Frameworks";
				PRODUCT_BUNDLE_IDENTIFIER = "uk.co.drewwestcott.Background-Image";
				PRODUCT_NAME = "$(TARGET_NAME)";
				SWIFT_VERSION = 3.0;
			};
			name = Release;
		};
/* End XCBuildConfiguration section */

/* Begin XCConfigurationList section */
		3AF43D101E26B07C00D0993A /* Build configuration list for PBXProject "Background Image" */ = {
			isa = XCConfigurationList;
			buildConfigurations = (
				3AF43D461E26B07D00D0993A /* Debug */,
				3AF43D471E26B07D00D0993A /* Release */,
			);
			defaultConfigurationIsVisible = 0;
			defaultConfigurationName = Release;
		};
		3AF43D481E26B07D00D0993A /* Build configuration list for PBXNativeTarget "Background Image WatchKit Extension" */ = {
			isa = XCConfigurationList;
			buildConfigurations = (
				3AF43D491E26B07D00D0993A /* Debug */,
				3AF43D4A1E26B07D00D0993A /* Release */,
			);
			defaultConfigurationIsVisible = 0;
		};
		3AF43D4C1E26B07D00D0993A /* Build configuration list for PBXNativeTarget "Background Image WatchKit App" */ = {
			isa = XCConfigurationList;
			buildConfigurations = (
				3AF43D4D1E26B07D00D0993A /* Debug */,
				3AF43D4E1E26B07D00D0993A /* Release */,
			);
			defaultConfigurationIsVisible = 0;
		};
		3AF43D501E26B07D00D0993A /* Build configuration list for PBXNativeTarget "Background Image" */ = {
			isa = XCConfigurationList;
			buildConfigurations = (
				3AF43D511E26B07D00D0993A /* Debug */,
				3AF43D521E26B07D00D0993A /* Release */,
			);
			defaultConfigurationIsVisible = 0;
		};
/* End XCConfigurationList section */
	};
	rootObject = 3AF43D0D1E26B07C00D0993A /* Project object */;
}
